{
  "name": "@netray/shared",
  "version": "0.1.0",
  "lockfileVersion": 3,
  "requires": true,
  "packages": {
    "": {
      "name": "@netray/shared",
      "version": "0.1.0",
      "devDependencies": {
        "solid-js": "^1.9.0"
      },
      "peerDependencies": {
        "solid-js": "^1.0.0"
      }
    },
    "node_modules/csstype": {
      "version": "3.2.3",
      "resolved": "https://registry.npmjs.org/csstype/-/csstype-3.2.3.tgz",
      "integrity": "sha512-z1HGKcYy2xA8AGQfwrn0PAy+PB7X/GSj3UVJW9qKyn43xWa+gl5nXmU4qqLMRzWVLFC8KusUX8T/0kCiOYpAIQ==",
      "dev": true,
      "license": "MIT"
    },
    "node_modules/seroval": {
      "version": "1.5.1",
      "resolved": "https://registry.npmjs.org/seroval/-/seroval-1.5.1.tgz",
      "integrity": "sha512-OwrZRZAfhHww0WEnKHDY8OM0U/Qs8OTfIDWhUD4BLpNJUfXK4cGmjiagGze086m+mhI+V2nD0gfbHEnJjb9STA==",
      "dev": true,
      "license": "MIT",
      "engines": {
        "node": ">=10"
      }
    },
    "node_modules/seroval-plugins": {
      "version": "1.5.1",
      "resolved": "https://registry.npmjs.org/seroval-plugins/-/seroval-plugins-1.5.1.tgz",
      "integrity": "sha512-4FbuZ/TMl02sqv0RTFexu0SP6V+ywaIe5bAWCCEik0fk17BhALgwvUDVF7e3Uvf9pxmwCEJsRPmlkUE6HdzLAw==",
      "dev": true,
      "license": "MIT",
      "engines": {
        "node": ">=10"
      },
      "peerDependencies": {
        "seroval": "^1.0"
      }
    },
    "node_modules/solid-js": {
      "version": "1.9.11",
      "resolved": "https://registry.npmjs.org/solid-js/-/solid-js-1.9.11.tgz",
      "integrity": "sha512-WEJtcc5mkh/BnHA6Yrg4whlF8g6QwpmXXRg4P2ztPmcKeHHlH4+djYecBLhSpecZY2RRECXYUwIc/C2r3yzQ4Q==",
      "dev": true,
      "license": "MIT",
      "dependencies": {
        "csstype": "^3.1.0",
        "seroval": "~1.5.0",
        "seroval-plugins": "~1.5.0"
      }
    }
  }
}
